
Microsoft Visual Studio Solution File, Format Version 12.00
# Visual Studio 15
VisualStudioVersion = 15.0.26730.16
MinimumVisualStudioVersion = 10.0.40219.1
Project("{8BC9CEB8-8B4A-11D0-8D11-00A0C91BC942}") = "Ginásio", "Ginásio\Ginásio.vcxproj", "{6FCA0F06-186C-462E-B424-A28EC242A6AE}"
EndProject
Global
	GlobalSection(SolutionConfigurationPlatforms) = preSolution
		Debug|x64 = Debug|x64
		Debug|x86 = Debug|x86
		Release|x64 = Release|x64
		Release|x86 = Release|x86
	EndGlobalSection
	GlobalSection(ProjectConfigurationPlatforms) = postSolution
		{6FCA0F06-186C-462E-B424-A28EC242A6AE}.Debug|x64.ActiveCfg = Debug|x64
		{6FCA0F06-186C-462E-B424-A28EC242A6AE}.Debug|x64.Build.0 = Debug|x64
		{6FCA0F06-186C-462E-B424-A28EC242A6AE}.Debug|x86.ActiveCfg = Debug|Win32
		{6FCA0F06-186C-462E-B424-A28EC242A6AE}.Debug|x86.Build.0 = Debug|Win32
		{6FCA0F06-186C-462E-B424-A28EC242A6AE}.Release|x64.ActiveCfg = Release|x64
		{6FCA0F06-186C-462E-B424-A28EC242A6AE}.Release|x64.Build.0 = Release|x64
		{6FCA0F06-186C-462E-B424-A28EC242A6AE}.Release|x86.ActiveCfg = Release|Win32
		{6FCA0F06-186C-462E-B424-A28EC242A6AE}.Release|x86.Build.0 = Release|Win32
	EndGlobalSection
	GlobalSection(SolutionProperties) = preSolution
		HideSolutionNode = FALSE
	EndGlobalSection
	GlobalSection(ExtensibilityGlobals) = postSolution
		SolutionGuid = {28C52634-B103-4955-8DB3-9F6C04B7600C}
	EndGlobalSection
EndGlobal
